
Microsoft Visual Studio Solution File, Format Version 12.00
# Visual Studio Version 16
VisualStudioVersion = 16.0.30114.105
MinimumVisualStudioVersion = 10.0.40219.1
Project("{FAE04EC0-301F-11D3-BF4B-00C04F79EFBC}") = "API", "API\API.csproj", "{0E2EDD59-4D95-4BA4-92E3-92BDB227B4E6}"
EndProject
Project("{FAE04EC0-301F-11D3-BF4B-00C04F79EFBC}") = "Application", "Application\Application.csproj", "{2489C829-BA34-456F-A58D-E638A46113B0}"
EndProject
Project("{FAE04EC0-301F-11D3-BF4B-00C04F79EFBC}") = "Persistance", "Persistance\Persistance.csproj", "{729018D9-F394-45E9-B064-788FA71734DC}"
EndProject
Project("{FAE04EC0-301F-11D3-BF4B-00C04F79EFBC}") = "Domain", "Domain\Domain.csproj", "{1E189DE0-5B64-423E-88A2-F3CA94293BB3}"
EndProject
Global
	GlobalSection(SolutionConfigurationPlatforms) = preSolution
		Debug|Any CPU = Debug|Any CPU
		Release|Any CPU = Release|Any CPU
	EndGlobalSection
	GlobalSection(SolutionProperties) = preSolution
		HideSolutionNode = FALSE
	EndGlobalSection
	GlobalSection(ProjectConfigurationPlatforms) = postSolution
		{0E2EDD59-4D95-4BA4-92E3-92BDB227B4E6}.Debug|Any CPU.ActiveCfg = Debug|Any CPU
		{0E2EDD59-4D95-4BA4-92E3-92BDB227B4E6}.Debug|Any CPU.Build.0 = Debug|Any CPU
		{0E2EDD59-4D95-4BA4-92E3-92BDB227B4E6}.Release|Any CPU.ActiveCfg = Release|Any CPU
		{0E2EDD59-4D95-4BA4-92E3-92BDB227B4E6}.Release|Any CPU.Build.0 = Release|Any CPU
		{2489C829-BA34-456F-A58D-E638A46113B0}.Debug|Any CPU.ActiveCfg = Debug|Any CPU
		{2489C829-BA34-456F-A58D-E638A46113B0}.Debug|Any CPU.Build.0 = Debug|Any CPU
		{2489C829-BA34-456F-A58D-E638A46113B0}.Release|Any CPU.ActiveCfg = Release|Any CPU
		{2489C829-BA34-456F-A58D-E638A46113B0}.Release|Any CPU.Build.0 = Release|Any CPU
		{729018D9-F394-45E9-B064-788FA71734DC}.Debug|Any CPU.ActiveCfg = Debug|Any CPU
		{729018D9-F394-45E9-B064-788FA71734DC}.Debug|Any CPU.Build.0 = Debug|Any CPU
		{729018D9-F394-45E9-B064-788FA71734DC}.Release|Any CPU.ActiveCfg = Release|Any CPU
		{729018D9-F394-45E9-B064-788FA71734DC}.Release|Any CPU.Build.0 = Release|Any CPU
		{1E189DE0-5B64-423E-88A2-F3CA94293BB3}.Debug|Any CPU.ActiveCfg = Debug|Any CPU
		{1E189DE0-5B64-423E-88A2-F3CA94293BB3}.Debug|Any CPU.Build.0 = Debug|Any CPU
		{1E189DE0-5B64-423E-88A2-F3CA94293BB3}.Release|Any CPU.ActiveCfg = Release|Any CPU
		{1E189DE0-5B64-423E-88A2-F3CA94293BB3}.Release|Any CPU.Build.0 = Release|Any CPU
	EndGlobalSection
EndGlobal
